// !$*UTF8*$!
{
	archiveVersion = 1;
	classes = {
	};
	objectVersion = 46;
	objects = {

/* Begin PBXBuildFile section */
		212BCEDC1E821CF1000E6F65 /* main.m in Sources */ = {isa = PBXBuildFile; fileRef = 212BCEDB1E821CF1000E6F65 /* main.m */; };
		212BCEDF1E821CF1000E6F65 /* AppDelegate.m in Sources */ = {isa = PBXBuildFile; fileRef = 212BCEDE1E821CF1000E6F65 /* AppDelegate.m */; };
		212BCEE21E821CF1000E6F65 /* ViewController.m in Sources */ = {isa = PBXBuildFile; fileRef = 212BCEE11E821CF1000E6F65 /* ViewController.m */; };
		212BCEE71E821CF1000E6F65 /* Assets.xcassets in Resources */ = {isa = PBXBuildFile; fileRef = 212BCEE61E821CF1000E6F65 /* Assets.xcassets */; };
		212BCEEA1E821CF1000E6F65 /* LaunchScreen.storyboard in Resources */ = {isa = PBXBuildFile; fileRef = 212BCEE81E821CF1000E6F65 /* LaunchScreen.storyboard */; };
		212BCEF51E821CF1000E6F65 /* advertisementTests.m in Sources */ = {isa = PBXBuildFile; fileRef = 212BCEF41E821CF1000E6F65 /* advertisementTests.m */; };
		212BCF001E821CF1000E6F65 /* advertisementUITests.m in Sources */ = {isa = PBXBuildFile; fileRef = 212BCEFF1E821CF1000E6F65 /* advertisementUITests.m */; };
		212BCF111E821EC1000E6F65 /* libsqlite3.0.tbd in Frameworks */ = {isa = PBXBuildFile; fileRef = 212BCF101E821EC1000E6F65 /* libsqlite3.0.tbd */; };
		212BCF131E821EC9000E6F65 /* libz.tbd in Frameworks */ = {isa = PBXBuildFile; fileRef = 212BCF121E821EC9000E6F65 /* libz.tbd */; };
		212BCF151E821ED3000E6F65 /* WebKit.framework in Frameworks */ = {isa = PBXBuildFile; fileRef = 212BCF141E821ED3000E6F65 /* WebKit.framework */; };
		212BCF171E8223A6000E6F65 /* libc++.tbd in Frameworks */ = {isa = PBXBuildFile; fileRef = 212BCF161E8223A6000E6F65 /* libc++.tbd */; };
		212BCF191E822403000E6F65 /* InMobiSDK.framework in Frameworks */ = {isa = PBXBuildFile; fileRef = 212BCF181E822403000E6F65 /* InMobiSDK.framework */; };
		212BCF4C1E8262C6000E6F65 /* scan_Lai_ViewController.m in Sources */ = {isa = PBXBuildFile; fileRef = 212BCF4B1E8262C6000E6F65 /* scan_Lai_ViewController.m */; };
		212BCF4F1E8262F2000E6F65 /* game_Lai_ViewController.m in Sources */ = {isa = PBXBuildFile; fileRef = 212BCF4E1E8262F2000E6F65 /* game_Lai_ViewController.m */; };
		212BCF521E82630D000E6F65 /* history_LAI_ViewController.m in Sources */ = {isa = PBXBuildFile; fileRef = 212BCF511E82630D000E6F65 /* history_LAI_ViewController.m */; };
		212BCF551E82633E000E6F65 /* function_LAI_ViewController.m in Sources */ = {isa = PBXBuildFile; fileRef = 212BCF541E82633E000E6F65 /* function_LAI_ViewController.m */; };
		212BCF581E82635A000E6F65 /* setting_Lai_ViewController.m in Sources */ = {isa = PBXBuildFile; fileRef = 212BCF571E82635A000E6F65 /* setting_Lai_ViewController.m */; };
		212BCF6C1E82636F000E6F65 /* HWNavigationController.m in Sources */ = {isa = PBXBuildFile; fileRef = 212BCF5D1E82636F000E6F65 /* HWNavigationController.m */; };
		212BCF6D1E82636F000E6F65 /* HWTabBarViewController.m in Sources */ = {isa = PBXBuildFile; fileRef = 212BCF5F1E82636F000E6F65 /* HWTabBarViewController.m */; };
		212BCF6E1E82636F000E6F65 /* HWDropdownMenu.m in Sources */ = {isa = PBXBuildFile; fileRef = 212BCF631E82636F000E6F65 /* HWDropdownMenu.m */; };
		212BCF6F1E82636F000E6F65 /* HWSearchBar.m in Sources */ = {isa = PBXBuildFile; fileRef = 212BCF651E82636F000E6F65 /* HWSearchBar.m */; };
		212BCF701E82636F000E6F65 /* HWTabBar.m in Sources */ = {isa = PBXBuildFile; fileRef = 212BCF671E82636F000E6F65 /* HWTabBar.m */; };
		212BCF711E82636F000E6F65 /* HWTextView.m in Sources */ = {isa = PBXBuildFile; fileRef = 212BCF691E82636F000E6F65 /* HWTextView.m */; };
		212BCF751E8263AD000E6F65 /* UIBarButtonItem+Extension.m in Sources */ = {isa = PBXBuildFile; fileRef = 212BCF741E8263AD000E6F65 /* UIBarButtonItem+Extension.m */; };
		212BCF781E8263DB000E6F65 /* UIView+Extension.m in Sources */ = {isa = PBXBuildFile; fileRef = 212BCF771E8263DB000E6F65 /* UIView+Extension.m */; };
		212BCF7B1E8274C9000E6F65 /* scan_Lai_View.m in Sources */ = {isa = PBXBuildFile; fileRef = 212BCF7A1E8274C9000E6F65 /* scan_Lai_View.m */; };
/* End PBXBuildFile section */

/* Begin PBXContainerItemProxy section */
		212BCEF11E821CF1000E6F65 /* PBXContainerItemProxy */ = {
			isa = PBXContainerItemProxy;
			containerPortal = 212BCECF1E821CF1000E6F65 /* Project object */;
			proxyType = 1;
			remoteGlobalIDString = 212BCED61E821CF1000E6F65;
			remoteInfo = advertisement;
		};
		212BCEFC1E821CF1000E6F65 /* PBXContainerItemProxy */ = {
			isa = PBXContainerItemProxy;
			containerPortal = 212BCECF1E821CF1000E6F65 /* Project object */;
			proxyType = 1;
			remoteGlobalIDString = 212BCED61E821CF1000E6F65;
			remoteInfo = advertisement;
		};
/* End PBXContainerItemProxy section */

/* Begin PBXFileReference section */
		212BCED71E821CF1000E6F65 /* advertisement.app */ = {isa = PBXFileReference; explicitFileType = wrapper.application; includeInIndex = 0; path = advertisement.app; sourceTree = BUILT_PRODUCTS_DIR; };
		212BCEDB1E821CF1000E6F65 /* main.m */ = {isa = PBXFileReference; lastKnownFileType = sourcecode.c.objc; path = main.m; sourceTree = "<group>"; };
		212BCEDD1E821CF1000E6F65 /* AppDelegate.h */ = {isa = PBXFileReference; lastKnownFileType = sourcecode.c.h; name = AppDelegate.h; path = ../AppDelegate.h; sourceTree = "<group>"; };
		212BCEDE1E821CF1000E6F65 /* AppDelegate.m */ = {isa = PBXFileReference; lastKnownFileType = sourcecode.c.objc; name = AppDelegate.m; path = ../AppDelegate.m; sourceTree = "<group>"; };
		212BCEE01E821CF1000E6F65 /* ViewController.h */ = {isa = PBXFileReference; lastKnownFileType = sourcecode.c.h; path = ViewController.h; sourceTree = "<group>"; };
		212BCEE11E821CF1000E6F65 /* ViewController.m */ = {isa = PBXFileReference; lastKnownFileType = sourcecode.c.objc; path = ViewController.m; sourceTree = "<group>"; };
		212BCEE61E821CF1000E6F65 /* Assets.xcassets */ = {isa = PBXFileReference; lastKnownFileType = folder.assetcatalog; path = Assets.xcassets; sourceTree = "<group>"; };
		212BCEE91E821CF1000E6F65 /* Base */ = {isa = PBXFileReference; lastKnownFileType = file.storyboard; name = Base; path = Base.lproj/LaunchScreen.storyboard; sourceTree = "<group>"; };
		212BCEEB1E821CF1000E6F65 /* Info.plist */ = {isa = PBXFileReference; lastKnownFileType = text.plist.xml; path = Info.plist; sourceTree = "<group>"; };
		212BCEF01E821CF1000E6F65 /* advertisementTests.xctest */ = {isa = PBXFileReference; explicitFileType = wrapper.cfbundle; includeInIndex = 0; path = advertisementTests.xctest; sourceTree = BUILT_PRODUCTS_DIR; };
		212BCEF41E821CF1000E6F65 /* advertisementTests.m */ = {isa = PBXFileReference; lastKnownFileType = sourcecode.c.objc; path = advertisementTests.m; sourceTree = "<group>"; };
		212BCEF61E821CF1000E6F65 /* Info.plist */ = {isa = PBXFileReference; lastKnownFileType = text.plist.xml; path = Info.plist; sourceTree = "<group>"; };
		212BCEFB1E821CF1000E6F65 /* advertisementUITests.xctest */ = {isa = PBXFileReference; explicitFileType = wrapper.cfbundle; includeInIndex = 0; path = advertisementUITests.xctest; sourceTree = BUILT_PRODUCTS_DIR; };
		212BCEFF1E821CF1000E6F65 /* advertisementUITests.m */ = {isa = PBXFileReference; lastKnownFileType = sourcecode.c.objc; path = advertisementUITests.m; sourceTree = "<group>"; };
		212BCF011E821CF1000E6F65 /* Info.plist */ = {isa = PBXFileReference; lastKnownFileType = text.plist.xml; path = Info.plist; sourceTree = "<group>"; };
		212BCF0E1E821EAD000E6F65 /* InMobiSDK.framework */ = {isa = PBXFileReference; lastKnownFileType = wrapper.framework; name = InMobiSDK.framework; path = ../../../Downloads/InMobi_iOS_SDK/InMobiSDK.framework; sourceTree = "<group>"; };
		212BCF101E821EC1000E6F65 /* libsqlite3.0.tbd */ = {isa = PBXFileReference; lastKnownFileType = "sourcecode.text-based-dylib-definition"; name = libsqlite3.0.tbd; path = usr/lib/libsqlite3.0.tbd; sourceTree = SDKROOT; };
		212BCF121E821EC9000E6F65 /* libz.tbd */ = {isa = PBXFileReference; lastKnownFileType = "sourcecode.text-based-dylib-definition"; name = libz.tbd; path = usr/lib/libz.tbd; sourceTree = SDKROOT; };
		212BCF141E821ED3000E6F65 /* WebKit.framework */ = {isa = PBXFileReference; lastKnownFileType = wrapper.framework; name = WebKit.framework; path = System/Library/Frameworks/WebKit.framework; sourceTree = SDKROOT; };
		212BCF161E8223A6000E6F65 /* libc++.tbd */ = {isa = PBXFileReference; lastKnownFileType = "sourcecode.text-based-dylib-definition"; name = "libc++.tbd"; path = "usr/lib/libc++.tbd"; sourceTree = SDKROOT; };
		212BCF181E822403000E6F65 /* InMobiSDK.framework */ = {isa = PBXFileReference; lastKnownFileType = wrapper.framework; path = InMobiSDK.framework; sourceTree = "<group>"; };
		212BCF1A1E82245C000E6F65 /* advertiseMent.h */ = {isa = PBXFileReference; lastKnownFileType = sourcecode.c.h; path = advertiseMent.h; sourceTree = "<group>"; };
		212BCF1B1E8224AA000E6F65 /* advertise.pch */ = {isa = PBXFileReference; lastKnownFileType = sourcecode.c.h; path = advertise.pch; sourceTree = "<group>"; };
		212BCF4A1E8262C6000E6F65 /* scan_Lai_ViewController.h */ = {isa = PBXFileReference; fileEncoding = 4; lastKnownFileType = sourcecode.c.h; path = scan_Lai_ViewController.h; sourceTree = "<group>"; };
		212BCF4B1E8262C6000E6F65 /* scan_Lai_ViewController.m */ = {isa = PBXFileReference; fileEncoding = 4; lastKnownFileType = sourcecode.c.objc; path = scan_Lai_ViewController.m; sourceTree = "<group>"; };
		212BCF4D1E8262F2000E6F65 /* game_Lai_ViewController.h */ = {isa = PBXFileReference; fileEncoding = 4; lastKnownFileType = sourcecode.c.h; path = game_Lai_ViewController.h; sourceTree = "<group>"; };
		212BCF4E1E8262F2000E6F65 /* game_Lai_ViewController.m */ = {isa = PBXFileReference; fileEncoding = 4; lastKnownFileType = sourcecode.c.objc; path = game_Lai_ViewController.m; sourceTree = "<group>"; };
		212BCF501E82630D000E6F65 /* history_LAI_ViewController.h */ = {isa = PBXFileReference; fileEncoding = 4; lastKnownFileType = sourcecode.c.h; path = history_LAI_ViewController.h; sourceTree = "<group>"; };
		212BCF511E82630D000E6F65 /* history_LAI_ViewController.m */ = {isa = PBXFileReference; fileEncoding = 4; lastKnownFileType = sourcecode.c.objc; path = history_LAI_ViewController.m; sourceTree = "<group>"; };
		212BCF531E82633E000E6F65 /* function_LAI_ViewController.h */ = {isa = PBXFileReference; fileEncoding = 4; lastKnownFileType = sourcecode.c.h; path = function_LAI_ViewController.h; sourceTree = "<group>"; };
		212BCF541E82633E000E6F65 /* function_LAI_ViewController.m */ = {isa = PBXFileReference; fileEncoding = 4; lastKnownFileType = sourcecode.c.objc; path = function_LAI_ViewController.m; sourceTree = "<group>"; };
		212BCF561E82635A000E6F65 /* setting_Lai_ViewController.h */ = {isa = PBXFileReference; fileEncoding = 4; lastKnownFileType = sourcecode.c.h; path = setting_Lai_ViewController.h; sourceTree = "<group>"; };
		212BCF571E82635A000E6F65 /* setting_Lai_ViewController.m */ = {isa = PBXFileReference; fileEncoding = 4; lastKnownFileType = sourcecode.c.objc; path = setting_Lai_ViewController.m; sourceTree = "<group>"; };
		212BCF5C1E82636F000E6F65 /* HWNavigationController.h */ = {isa = PBXFileReference; fileEncoding = 4; lastKnownFileType = sourcecode.c.h; path = HWNavigationController.h; sourceTree = "<group>"; };
		212BCF5D1E82636F000E6F65 /* HWNavigationController.m */ = {isa = PBXFileReference; fileEncoding = 4; lastKnownFileType = sourcecode.c.objc; path = HWNavigationController.m; sourceTree = "<group>"; };
		212BCF5E1E82636F000E6F65 /* HWTabBarViewController.h */ = {isa = PBXFileReference; fileEncoding = 4; lastKnownFileType = sourcecode.c.h; path = HWTabBarViewController.h; sourceTree = "<group>"; };
		212BCF5F1E82636F000E6F65 /* HWTabBarViewController.m */ = {isa = PBXFileReference; fileEncoding = 4; lastKnownFileType = sourcecode.c.objc; path = HWTabBarViewController.m; sourceTree = "<group>"; };
		212BCF621E82636F000E6F65 /* HWDropdownMenu.h */ = {isa = PBXFileReference; fileEncoding = 4; lastKnownFileType = sourcecode.c.h; path = HWDropdownMenu.h; sourceTree = "<group>"; };
		212BCF631E82636F000E6F65 /* HWDropdownMenu.m */ = {isa = PBXFileReference; fileEncoding = 4; lastKnownFileType = sourcecode.c.objc; path = HWDropdownMenu.m; sourceTree = "<group>"; };
		212BCF641E82636F000E6F65 /* HWSearchBar.h */ = {isa = PBXFileReference; fileEncoding = 4; lastKnownFileType = sourcecode.c.h; path = HWSearchBar.h; sourceTree = "<group>"; };
		212BCF651E82636F000E6F65 /* HWSearchBar.m */ = {isa = PBXFileReference; fileEncoding = 4; lastKnownFileType = sourcecode.c.objc; path = HWSearchBar.m; sourceTree = "<group>"; };
		212BCF661E82636F000E6F65 /* HWTabBar.h */ = {isa = PBXFileReference; fileEncoding = 4; lastKnownFileType = sourcecode.c.h; path = HWTabBar.h; sourceTree = "<group>"; };
		212BCF671E82636F000E6F65 /* HWTabBar.m */ = {isa = PBXFileReference; fileEncoding = 4; lastKnownFileType = sourcecode.c.objc; path = HWTabBar.m; sourceTree = "<group>"; };
		212BCF681E82636F000E6F65 /* HWTextView.h */ = {isa = PBXFileReference; fileEncoding = 4; lastKnownFileType = sourcecode.c.h; path = HWTextView.h; sourceTree = "<group>"; };
		212BCF691E82636F000E6F65 /* HWTextView.m */ = {isa = PBXFileReference; fileEncoding = 4; lastKnownFileType = sourcecode.c.objc; path = HWTextView.m; sourceTree = "<group>"; };
		212BCF731E8263AD000E6F65 /* UIBarButtonItem+Extension.h */ = {isa = PBXFileReference; fileEncoding = 4; lastKnownFileType = sourcecode.c.h; path = "UIBarButtonItem+Extension.h"; sourceTree = "<group>"; };
		212BCF741E8263AD000E6F65 /* UIBarButtonItem+Extension.m */ = {isa = PBXFileReference; fileEncoding = 4; lastKnownFileType = sourcecode.c.objc; path = "UIBarButtonItem+Extension.m"; sourceTree = "<group>"; };
		212BCF761E8263DB000E6F65 /* UIView+Extension.h */ = {isa = PBXFileReference; fileEncoding = 4; lastKnownFileType = sourcecode.c.h; path = "UIView+Extension.h"; sourceTree = "<group>"; };
		212BCF771E8263DB000E6F65 /* UIView+Extension.m */ = {isa = PBXFileReference; fileEncoding = 4; lastKnownFileType = sourcecode.c.objc; path = "UIView+Extension.m"; sourceTree = "<group>"; };
		212BCF791E8274C9000E6F65 /* scan_Lai_View.h */ = {isa = PBXFileReference; fileEncoding = 4; lastKnownFileType = sourcecode.c.h; path = scan_Lai_View.h; sourceTree = "<group>"; };
		212BCF7A1E8274C9000E6F65 /* scan_Lai_View.m */ = {isa = PBXFileReference; fileEncoding = 4; lastKnownFileType = sourcecode.c.objc; path = scan_Lai_View.m; sourceTree = "<group>"; };
/* End PBXFileReference section */

/* Begin PBXFrameworksBuildPhase section */
		212BCED41E821CF1000E6F65 /* Frameworks */ = {
			isa = PBXFrameworksBuildPhase;
			buildActionMask = 2147483647;
			files = (
				212BCF171E8223A6000E6F65 /* libc++.tbd in Frameworks */,
				212BCF151E821ED3000E6F65 /* WebKit.framework in Frameworks */,
				212BCF131E821EC9000E6F65 /* libz.tbd in Frameworks */,
				212BCF111E821EC1000E6F65 /* libsqlite3.0.tbd in Frameworks */,
				212BCF191E822403000E6F65 /* InMobiSDK.framework in Frameworks */,
			);
			runOnlyForDeploymentPostprocessing = 0;
		};
		212BCEED1E821CF1000E6F65 /* Frameworks */ = {
			isa = PBXFrameworksBuildPhase;
			buildActionMask = 2147483647;
			files = (
			);
			runOnlyForDeploymentPostprocessing = 0;
		};
		212BCEF81E821CF1000E6F65 /* Frameworks */ = {
			isa = PBXFrameworksBuildPhase;
			buildActionMask = 2147483647;
			files = (
			);
			runOnlyForDeploymentPostprocessing = 0;
		};
/* End PBXFrameworksBuildPhase section */

/* Begin PBXGroup section */
		212BCECE1E821CF1000E6F65 = {
			isa = PBXGroup;
			children = (
				212BCED91E821CF1000E6F65 /* advertisement */,
				212BCEF31E821CF1000E6F65 /* advertisementTests */,
				212BCEFE1E821CF1000E6F65 /* advertisementUITests */,
				212BCED81E821CF1000E6F65 /* Products */,
				212BCF0D1E821EAD000E6F65 /* Frameworks */,
			);
			sourceTree = "<group>";
		};
		212BCED81E821CF1000E6F65 /* Products */ = {
			isa = PBXGroup;
			children = (
				212BCED71E821CF1000E6F65 /* advertisement.app */,
				212BCEF01E821CF1000E6F65 /* advertisementTests.xctest */,
				212BCEFB1E821CF1000E6F65 /* advertisementUITests.xctest */,
			);
			name = Products;
			sourceTree = "<group>";
		};
		212BCED91E821CF1000E6F65 /* advertisement */ = {
			isa = PBXGroup;
			children = (
				212BCF591E82636F000E6F65 /* Main */,
				212BCF461E826290000E6F65 /* 游戏中心 */,
				212BCF421E82628C000E6F65 /* 历史 */,
				212BCF3E1E826286000E6F65 /* 扫一扫 */,
				212BCF3A1E82627F000E6F65 /* 多功能 */,
				212BCF361E826279000E6F65 /* 设置 */,
				212BCEE01E821CF1000E6F65 /* ViewController.h */,
				212BCEE11E821CF1000E6F65 /* ViewController.m */,
				212BCEE61E821CF1000E6F65 /* Assets.xcassets */,
				212BCEE81E821CF1000E6F65 /* LaunchScreen.storyboard */,
				212BCF1A1E82245C000E6F65 /* advertiseMent.h */,
				212BCF1B1E8224AA000E6F65 /* advertise.pch */,
				212BCEEB1E821CF1000E6F65 /* Info.plist */,
				212BCEDA1E821CF1000E6F65 /* Supporting Files */,
			);
			path = advertisement;
			sourceTree = "<group>";
		};
		212BCEDA1E821CF1000E6F65 /* Supporting Files */ = {
			isa = PBXGroup;
			children = (
				212BCF181E822403000E6F65 /* InMobiSDK.framework */,
				212BCEDB1E821CF1000E6F65 /* main.m */,
			);
			name = "Supporting Files";
			sourceTree = "<group>";
		};
		212BCEF31E821CF1000E6F65 /* advertisementTests */ = {
			isa = PBXGroup;
			children = (
				212BCEF41E821CF1000E6F65 /* advertisementTests.m */,
				212BCEF61E821CF1000E6F65 /* Info.plist */,
			);
			path = advertisementTests;
			sourceTree = "<group>";
		};
		212BCEFE1E821CF1000E6F65 /* advertisementUITests */ = {
			isa = PBXGroup;
			children = (
				212BCEFF1E821CF1000E6F65 /* advertisementUITests.m */,
				212BCF011E821CF1000E6F65 /* Info.plist */,
			);
			path = advertisementUITests;
			sourceTree = "<group>";
		};
		212BCF0D1E821EAD000E6F65 /* Frameworks */ = {
			isa = PBXGroup;
			children = (
				212BCF161E8223A6000E6F65 /* libc++.tbd */,
				212BCF141E821ED3000E6F65 /* WebKit.framework */,
				212BCF121E821EC9000E6F65 /* libz.tbd */,
				212BCF101E821EC1000E6F65 /* libsqlite3.0.tbd */,
				212BCF0E1E821EAD000E6F65 /* InMobiSDK.framework */,
			);
			name = Frameworks;
			sourceTree = "<group>";
		};
		212BCF361E826279000E6F65 /* 设置 */ = {
			isa = PBXGroup;
			children = (
				212BCF371E826279000E6F65 /* Controller */,
				212BCF381E826279000E6F65 /* Model */,
				212BCF391E826279000E6F65 /* View */,
			);
			path = "设置";
			sourceTree = "<group>";
		};
		212BCF371E826279000E6F65 /* Controller */ = {
			isa = PBXGroup;
			children = (
				212BCF561E82635A000E6F65 /* setting_Lai_ViewController.h */,
				212BCF571E82635A000E6F65 /* setting_Lai_ViewController.m */,
			);
			path = Controller;
			sourceTree = "<group>";
		};
		212BCF381E826279000E6F65 /* Model */ = {
			isa = PBXGroup;
			children = (
			);
			path = Model;
			sourceTree = "<group>";
		};
		212BCF391E826279000E6F65 /* View */ = {
			isa = PBXGroup;
			children = (
			);
			path = View;
			sourceTree = "<group>";
		};
		212BCF3A1E82627F000E6F65 /* 多功能 */ = {
			isa = PBXGroup;
			children = (
				212BCF3B1E82627F000E6F65 /* Controller */,
				212BCF3C1E82627F000E6F65 /* Model */,
				212BCF3D1E82627F000E6F65 /* View */,
			);
			path = "多功能";
			sourceTree = "<group>";
		};
		212BCF3B1E82627F000E6F65 /* Controller */ = {
			isa = PBXGroup;
			children = (
				212BCF531E82633E000E6F65 /* function_LAI_ViewController.h */,
				212BCF541E82633E000E6F65 /* function_LAI_ViewController.m */,
			);
			path = Controller;
			sourceTree = "<group>";
		};
		212BCF3C1E82627F000E6F65 /* Model */ = {
			isa = PBXGroup;
			children = (
			);
			path = Model;
			sourceTree = "<group>";
		};
		212BCF3D1E82627F000E6F65 /* View */ = {
			isa = PBXGroup;
			children = (
			);
			path = View;
			sourceTree = "<group>";
		};
		212BCF3E1E826286000E6F65 /* 扫一扫 */ = {
			isa = PBXGroup;
			children = (
				212BCF3F1E826286000E6F65 /* Controller */,
				212BCF401E826286000E6F65 /* Model */,
				212BCF411E826286000E6F65 /* View */,
			);
			path = "扫一扫";
			sourceTree = "<group>";
		};
		212BCF3F1E826286000E6F65 /* Controller */ = {
			isa = PBXGroup;
			children = (
				212BCF4A1E8262C6000E6F65 /* scan_Lai_ViewController.h */,
				212BCF4B1E8262C6000E6F65 /* scan_Lai_ViewController.m */,
			);
			path = Controller;
			sourceTree = "<group>";
		};
		212BCF401E826286000E6F65 /* Model */ = {
			isa = PBXGroup;
			children = (
			);
			path = Model;
			sourceTree = "<group>";
		};
		212BCF411E826286000E6F65 /* View */ = {
			isa = PBXGroup;
			children = (
				212BCF791E8274C9000E6F65 /* scan_Lai_View.h */,
				212BCF7A1E8274C9000E6F65 /* scan_Lai_View.m */,
			);
			path = View;
			sourceTree = "<group>";
		};
		212BCF421E82628C000E6F65 /* 历史 */ = {
			isa = PBXGroup;
			children = (
				212BCF431E82628C000E6F65 /* Controller */,
				212BCF441E82628C000E6F65 /* Model */,
				212BCF451E82628C000E6F65 /* View */,
			);
			path = "历史";
			sourceTree = "<group>";
		};
		212BCF431E82628C000E6F65 /* Controller */ = {
			isa = PBXGroup;
			children = (
				212BCF501E82630D000E6F65 /* history_LAI_ViewController.h */,
				212BCF511E82630D000E6F65 /* history_LAI_ViewController.m */,
			);
			path = Controller;
			sourceTree = "<group>";
		};
		212BCF441E82628C000E6F65 /* Model */ = {
			isa = PBXGroup;
			children = (
			);
			path = Model;
			sourceTree = "<group>";
		};
		212BCF451E82628C000E6F65 /* View */ = {
			isa = PBXGroup;
			children = (
			);
			path = View;
			sourceTree = "<group>";
		};
		212BCF461E826290000E6F65 /* 游戏中心 */ = {
			isa = PBXGroup;
			children = (
				212BCF471E826290000E6F65 /* Controller */,
				212BCF481E826290000E6F65 /* Model */,
				212BCF491E826290000E6F65 /* View */,
			);
			path = "游戏中心";
			sourceTree = "<group>";
		};
		212BCF471E826290000E6F65 /* Controller */ = {
			isa = PBXGroup;
			children = (
				212BCF4D1E8262F2000E6F65 /* game_Lai_ViewController.h */,
				212BCF4E1E8262F2000E6F65 /* game_Lai_ViewController.m */,
			);
			path = Controller;
			sourceTree = "<group>";
		};
		212BCF481E826290000E6F65 /* Model */ = {
			isa = PBXGroup;
			children = (
			);
			path = Model;
			sourceTree = "<group>";
		};
		212BCF491E826290000E6F65 /* View */ = {
			isa = PBXGroup;
			children = (
			);
			path = View;
			sourceTree = "<group>";
		};
		212BCF591E82636F000E6F65 /* Main */ = {
			isa = PBXGroup;
			children = (
				212BCEDD1E821CF1000E6F65 /* AppDelegate.h */,
				212BCEDE1E821CF1000E6F65 /* AppDelegate.m */,
				212BCF5A1E82636F000E6F65 /* Category */,
				212BCF5B1E82636F000E6F65 /* Controller */,
				212BCF601E82636F000E6F65 /* Model */,
				212BCF611E82636F000E6F65 /* View */,
			);
			path = Main;
			sourceTree = "<group>";
		};
		212BCF5A1E82636F000E6F65 /* Category */ = {
			isa = PBXGroup;
			children = (
				212BCF731E8263AD000E6F65 /* UIBarButtonItem+Extension.h */,
				212BCF741E8263AD000E6F65 /* UIBarButtonItem+Extension.m */,
				212BCF761E8263DB000E6F65 /* UIView+Extension.h */,
				212BCF771E8263DB000E6F65 /* UIView+Extension.m */,
			);
			path = Category;
			sourceTree = "<group>";
		};
		212BCF5B1E82636F000E6F65 /* Controller */ = {
			isa = PBXGroup;
			children = (
				212BCF5C1E82636F000E6F65 /* HWNavigationController.h */,
				212BCF5D1E82636F000E6F65 /* HWNavigationController.m */,
				212BCF5E1E82636F000E6F65 /* HWTabBarViewController.h */,
				212BCF5F1E82636F000E6F65 /* HWTabBarViewController.m */,
			);
			path = Controller;
			sourceTree = "<group>";
		};
		212BCF601E82636F000E6F65 /* Model */ = {
			isa = PBXGroup;
			children = (
			);
			path = Model;
			sourceTree = "<group>";
		};
		212BCF611E82636F000E6F65 /* View */ = {
			isa = PBXGroup;
			children = (
				212BCF621E82636F000E6F65 /* HWDropdownMenu.h */,
				212BCF631E82636F000E6F65 /* HWDropdownMenu.m */,
				212BCF641E82636F000E6F65 /* HWSearchBar.h */,
				212BCF651E82636F000E6F65 /* HWSearchBar.m */,
				212BCF661E82636F000E6F65 /* HWTabBar.h */,
				212BCF671E82636F000E6F65 /* HWTabBar.m */,
				212BCF681E82636F000E6F65 /* HWTextView.h */,
				212BCF691E82636F000E6F65 /* HWTextView.m */,
			);
			path = View;
			sourceTree = "<group>";
		};
/* End PBXGroup section */

/* Begin PBXNativeTarget section */
		212BCED61E821CF1000E6F65 /* advertisement */ = {
			isa = PBXNativeTarget;
			buildConfigurationList = 212BCF041E821CF1000E6F65 /* Build configuration list for PBXNativeTarget "advertisement" */;
			buildPhases = (
				212BCED31E821CF1000E6F65 /* Sources */,
				212BCED41E821CF1000E6F65 /* Frameworks */,
				212BCED51E821CF1000E6F65 /* Resources */,
			);
			buildRules = (
			);
			dependencies = (
			);
			name = advertisement;
			productName = advertisement;
			productReference = 212BCED71E821CF1000E6F65 /* advertisement.app */;
			productType = "com.apple.product-type.application";
		};
		212BCEEF1E821CF1000E6F65 /* advertisementTests */ = {
			isa = PBXNativeTarget;
			buildConfigurationList = 212BCF071E821CF1000E6F65 /* Build configuration list for PBXNativeTarget "advertisementTests" */;
			buildPhases = (
				212BCEEC1E821CF1000E6F65 /* Sources */,
				212BCEED1E821CF1000E6F65 /* Frameworks */,
				212BCEEE1E821CF1000E6F65 /* Resources */,
			);
			buildRules = (
			);
			dependencies = (
				212BCEF21E821CF1000E6F65 /* PBXTargetDependency */,
			);
			name = advertisementTests;
			productName = advertisementTests;
			productReference = 212BCEF01E821CF1000E6F65 /* advertisementTests.xctest */;
			productType = "com.apple.product-type.bundle.unit-test";
		};
		212BCEFA1E821CF1000E6F65 /* advertisementUITests */ = {
			isa = PBXNativeTarget;
			buildConfigurationList = 212BCF0A1E821CF1000E6F65 /* Build configuration list for PBXNativeTarget "advertisementUITests" */;
			buildPhases = (
				212BCEF71E821CF1000E6F65 /* Sources */,
				212BCEF81E821CF1000E6F65 /* Frameworks */,
				212BCEF91E821CF1000E6F65 /* Resources */,
			);
			buildRules = (
			);
			dependencies = (
				212BCEFD1E821CF1000E6F65 /* PBXTargetDependency */,
			);
			name = advertisementUITests;
			productName = advertisementUITests;
			productReference = 212BCEFB1E821CF1000E6F65 /* advertisementUITests.xctest */;
			productType = "com.apple.product-type.bundle.ui-testing";
		};
/* End PBXNativeTarget section */

/* Begin PBXProject section */
		212BCECF1E821CF1000E6F65 /* Project object */ = {
			isa = PBXProject;
			attributes = {
				LastUpgradeCheck = 0820;
				ORGANIZATIONNAME = zhiYong_lai;
				TargetAttributes = {
					212BCED61E821CF1000E6F65 = {
						CreatedOnToolsVersion = 8.2.1;
						DevelopmentTeam = G45H8BH4LH;
						ProvisioningStyle = Automatic;
					};
					212BCEEF1E821CF1000E6F65 = {
						CreatedOnToolsVersion = 8.2.1;
						DevelopmentTeam = G45H8BH4LH;
						ProvisioningStyle = Automatic;
						TestTargetID = 212BCED61E821CF1000E6F65;
					};
					212BCEFA1E821CF1000E6F65 = {
						CreatedOnToolsVersion = 8.2.1;
						DevelopmentTeam = G45H8BH4LH;
						ProvisioningStyle = Automatic;
						TestTargetID = 212BCED61E821CF1000E6F65;
					};
				};
			};
			buildConfigurationList = 212BCED21E821CF1000E6F65 /* Build configuration list for PBXProject "advertisement" */;
			compatibilityVersion = "Xcode 3.2";
			developmentRegion = English;
			hasScannedForEncodings = 0;
			knownRegions = (
				en,
				Base,
			);
			mainGroup = 212BCECE1E821CF1000E6F65;
			productRefGroup = 212BCED81E821CF1000E6F65 /* Products */;
			projectDirPath = "";
			projectRoot = "";
			targets = (
				212BCED61E821CF1000E6F65 /* advertisement */,
				212BCEEF1E821CF1000E6F65 /* advertisementTests */,
				212BCEFA1E821CF1000E6F65 /* advertisementUITests */,
			);
		};
/* End PBXProject section */

/* Begin PBXResourcesBuildPhase section */
		212BCED51E821CF1000E6F65 /* Resources */ = {
			isa = PBXResourcesBuildPhase;
			buildActionMask = 2147483647;
			files = (
				212BCEEA1E821CF1000E6F65 /* LaunchScreen.storyboard in Resources */,
				212BCEE71E821CF1000E6F65 /* Assets.xcassets in Resources */,
			);
			runOnlyForDeploymentPostprocessing = 0;
		};
		212BCEEE1E821CF1000E6F65 /* Resources */ = {
			isa = PBXResourcesBuildPhase;
			buildActionMask = 2147483647;
			files = (
			);
			runOnlyForDeploymentPostprocessing = 0;
		};
		212BCEF91E821CF1000E6F65 /* Resources */ = {
			isa = PBXResourcesBuildPhase;
			buildActionMask = 2147483647;
			files = (
			);
			runOnlyForDeploymentPostprocessing = 0;
		};
/* End PBXResourcesBuildPhase section */

/* Begin PBXSourcesBuildPhase section */
		212BCED31E821CF1000E6F65 /* Sources */ = {
			isa = PBXSourcesBuildPhase;
			buildActionMask = 2147483647;
			files = (
				212BCF711E82636F000E6F65 /* HWTextView.m in Sources */,
				212BCF581E82635A000E6F65 /* setting_Lai_ViewController.m in Sources */,
				212BCF7B1E8274C9000E6F65 /* scan_Lai_View.m in Sources */,
				212BCF6D1E82636F000E6F65 /* HWTabBarViewController.m in Sources */,
				212BCF6F1E82636F000E6F65 /* HWSearchBar.m in Sources */,
				212BCF4C1E8262C6000E6F65 /* scan_Lai_ViewController.m in Sources */,
				212BCEE21E821CF1000E6F65 /* ViewController.m in Sources */,
				212BCF551E82633E000E6F65 /* function_LAI_ViewController.m in Sources */,
				212BCF6C1E82636F000E6F65 /* HWNavigationController.m in Sources */,
				212BCF521E82630D000E6F65 /* history_LAI_ViewController.m in Sources */,
				212BCF4F1E8262F2000E6F65 /* game_Lai_ViewController.m in Sources */,
				212BCEDF1E821CF1000E6F65 /* AppDelegate.m in Sources */,
				212BCF751E8263AD000E6F65 /* UIBarButtonItem+Extension.m in Sources */,
				212BCF701E82636F000E6F65 /* HWTabBar.m in Sources */,
				212BCEDC1E821CF1000E6F65 /* main.m in Sources */,
				212BCF781E8263DB000E6F65 /* UIView+Extension.m in Sources */,
				212BCF6E1E82636F000E6F65 /* HWDropdownMenu.m in Sources */,
			);
			runOnlyForDeploymentPostprocessing = 0;
		};
		212BCEEC1E821CF1000E6F65 /* Sources */ = {
			isa = PBXSourcesBuildPhase;
			buildActionMask = 2147483647;
			files = (
				212BCEF51E821CF1000E6F65 /* advertisementTests.m in Sources */,
			);
			runOnlyForDeploymentPostprocessing = 0;
		};
		212BCEF71E821CF1000E6F65 /* Sources */ = {
			isa = PBXSourcesBuildPhase;
			buildActionMask = 2147483647;
			files = (
				212BCF001E821CF1000E6F65 /* advertisementUITests.m in Sources */,
			);
			runOnlyForDeploymentPostprocessing = 0;
		};
/* End PBXSourcesBuildPhase section */

/* Begin PBXTargetDependency section */
		212BCEF21E821CF1000E6F65 /* PBXTargetDependency */ = {
			isa = PBXTargetDependency;
			target = 212BCED61E821CF1000E6F65 /* advertisement */;
			targetProxy = 212BCEF11E821CF1000E6F65 /* PBXContainerItemProxy */;
		};
		212BCEFD1E821CF1000E6F65 /* PBXTargetDependency */ = {
			isa = PBXTargetDependency;
			target = 212BCED61E821CF1000E6F65 /* advertisement */;
			targetProxy = 212BCEFC1E821CF1000E6F65 /* PBXContainerItemProxy */;
		};
/* End PBXTargetDependency section */

/* Begin PBXVariantGroup section */
		212BCEE81E821CF1000E6F65 /* LaunchScreen.storyboard */ = {
			isa = PBXVariantGroup;
			children = (
				212BCEE91E821CF1000E6F65 /* Base */,
			);
			name = LaunchScreen.storyboard;
			sourceTree = "<group>";
		};
/* End PBXVariantGroup section */

/* Begin XCBuildConfiguration section */
		212BCF021E821CF1000E6F65 /* Debug */ = {
			isa = XCBuildConfiguration;
			buildSettings = {
				ALWAYS_SEARCH_USER_PATHS = NO;
				CLANG_ANALYZER_NONNULL = YES;
				CLANG_CXX_LANGUAGE_STANDARD = "gnu++0x";
				CLANG_CXX_LIBRARY = "libc++";
				CLANG_ENABLE_MODULES = YES;
				CLANG_ENABLE_OBJC_ARC = YES;
				CLANG_WARN_BOOL_CONVERSION = YES;
				CLANG_WARN_CONSTANT_CONVERSION = YES;
				CLANG_WARN_DIRECT_OBJC_ISA_USAGE = YES_ERROR;
				CLANG_WARN_DOCUMENTATION_COMMENTS = YES;
				CLANG_WARN_EMPTY_BODY = YES;
				CLANG_WARN_ENUM_CONVERSION = YES;
				CLANG_WARN_INFINITE_RECURSION = YES;
				CLANG_WARN_INT_CONVERSION = YES;
				CLANG_WARN_OBJC_ROOT_CLASS = YES_ERROR;
				CLANG_WARN_SUSPICIOUS_MOVE = YES;
				CLANG_WARN_UNREACHABLE_CODE = YES;
				CLANG_WARN__DUPLICATE_METHOD_MATCH = YES;
				"CODE_SIGN_IDENTITY[sdk=iphoneos*]" = "iPhone Developer";
				COPY_PHASE_STRIP = NO;
				DEBUG_INFORMATION_FORMAT = dwarf;
				ENABLE_STRICT_OBJC_MSGSEND = YES;
				ENABLE_TESTABILITY = YES;
				GCC_C_LANGUAGE_STANDARD = gnu99;
				GCC_DYNAMIC_NO_PIC = NO;
				GCC_NO_COMMON_BLOCKS = YES;
				GCC_OPTIMIZATION_LEVEL = 0;
				GCC_PREPROCESSOR_DEFINITIONS = (
					"DEBUG=1",
					"$(inherited)",
				);
				GCC_WARN_64_TO_32_BIT_CONVERSION = YES;
				GCC_WARN_ABOUT_RETURN_TYPE = YES_ERROR;
				GCC_WARN_UNDECLARED_SELECTOR = YES;
				GCC_WARN_UNINITIALIZED_AUTOS = YES_AGGRESSIVE;
				GCC_WARN_UNUSED_FUNCTION = YES;
				GCC_WARN_UNUSED_VARIABLE = YES;
				IPHONEOS_DEPLOYMENT_TARGET = 8.0;
				MTL_ENABLE_DEBUG_INFO = YES;
				ONLY_ACTIVE_ARCH = YES;
				SDKROOT = iphoneos;
			};
			name = Debug;
		};
		212BCF031E821CF1000E6F65 /* Release */ = {
			isa = XCBuildConfiguration;
			buildSettings = {
				ALWAYS_SEARCH_USER_PATHS = NO;
				CLANG_ANALYZER_NONNULL = YES;
				CLANG_CXX_LANGUAGE_STANDARD = "gnu++0x";
				CLANG_CXX_LIBRARY = "libc++";
				CLANG_ENABLE_MODULES = YES;
				CLANG_ENABLE_OBJC_ARC = YES;
				CLANG_WARN_BOOL_CONVERSION = YES;
				CLANG_WARN_CONSTANT_CONVERSION = YES;
				CLANG_WARN_DIRECT_OBJC_ISA_USAGE = YES_ERROR;
				CLANG_WARN_DOCUMENTATION_COMMENTS = YES;
				CLANG_WARN_EMPTY_BODY = YES;
				CLANG_WARN_ENUM_CONVERSION = YES;
				CLANG_WARN_INFINITE_RECURSION = YES;
				CLANG_WARN_INT_CONVERSION = YES;
				CLANG_WARN_OBJC_ROOT_CLASS = YES_ERROR;
				CLANG_WARN_SUSPICIOUS_MOVE = YES;
				CLANG_WARN_UNREACHABLE_CODE = YES;
				CLANG_WARN__DUPLICATE_METHOD_MATCH = YES;
				"CODE_SIGN_IDENTITY[sdk=iphoneos*]" = "iPhone Developer";
				COPY_PHASE_STRIP = NO;
				DEBUG_INFORMATION_FORMAT = "dwarf-with-dsym";
				ENABLE_NS_ASSERTIONS = NO;
				ENABLE_STRICT_OBJC_MSGSEND = YES;
				GCC_C_LANGUAGE_STANDARD = gnu99;
				GCC_NO_COMMON_BLOCKS = YES;
				GCC_WARN_64_TO_32_BIT_CONVERSION = YES;
				GCC_WARN_ABOUT_RETURN_TYPE = YES_ERROR;
				GCC_WARN_UNDECLARED_SELECTOR = YES;
				GCC_WARN_UNINITIALIZED_AUTOS = YES_AGGRESSIVE;
				GCC_WARN_UNUSED_FUNCTION = YES;
				GCC_WARN_UNUSED_VARIABLE = YES;
				IPHONEOS_DEPLOYMENT_TARGET = 8.0;
				MTL_ENABLE_DEBUG_INFO = NO;
				SDKROOT = iphoneos;
				VALIDATE_PRODUCT = YES;
			};
			name = Release;
		};
		212BCF051E821CF1000E6F65 /* Debug */ = {
			isa = XCBuildConfiguration;
			buildSettings = {
				ASSETCATALOG_COMPILER_APPICON_NAME = AppIcon;
				DEVELOPMENT_TEAM = G45H8BH4LH;
				FRAMEWORK_SEARCH_PATHS = (
					"$(inherited)",
					"$(PROJECT_DIR)/advertisement",
				);
				GCC_INCREASE_PRECOMPILED_HEADER_SHARING = YES;
				GCC_PRECOMPILE_PREFIX_HEADER = YES;
				GCC_PREFIX_HEADER = advertisement/advertise.pch;
				INFOPLIST_FILE = advertisement/Info.plist;
				IPHONEOS_DEPLOYMENT_TARGET = 8.0;
				LD_RUNPATH_SEARCH_PATHS = "$(inherited) @executable_path/Frameworks";
				OTHER_LDFLAGS = "-ObjC";
				PRODUCT_BUNDLE_IDENTIFIER = com.app.zhiYong.advertisement;
				PRODUCT_NAME = "$(TARGET_NAME)";
			};
			name = Debug;
		};
		212BCF061E821CF1000E6F65 /* Release */ = {
			isa = XCBuildConfiguration;
			buildSettings = {
				ASSETCATALOG_COMPILER_APPICON_NAME = AppIcon;
				DEVELOPMENT_TEAM = G45H8BH4LH;
				FRAMEWORK_SEARCH_PATHS = (
					"$(inherited)",
					"$(PROJECT_DIR)/advertisement",
				);
				GCC_INCREASE_PRECOMPILED_HEADER_SHARING = YES;
				GCC_PRECOMPILE_PREFIX_HEADER = YES;
				GCC_PREFIX_HEADER = advertisement/advertise.pch;
				INFOPLIST_FILE = advertisement/Info.plist;
				IPHONEOS_DEPLOYMENT_TARGET = 8.0;
				LD_RUNPATH_SEARCH_PATHS = "$(inherited) @executable_path/Frameworks";
				OTHER_LDFLAGS = "-ObjC";
				PRODUCT_BUNDLE_IDENTIFIER = com.app.zhiYong.advertisement;
				PRODUCT_NAME = "$(TARGET_NAME)";
			};
			name = Release;
		};
		212BCF081E821CF1000E6F65 /* Debug */ = {
			isa = XCBuildConfiguration;
			buildSettings = {
				BUNDLE_LOADER = "$(TEST_HOST)";
				DEVELOPMENT_TEAM = G45H8BH4LH;
				INFOPLIST_FILE = advertisementTests/Info.plist;
				LD_RUNPATH_SEARCH_PATHS = "$(inherited) @executable_path/Frameworks @loader_path/Frameworks";
				PRODUCT_BUNDLE_IDENTIFIER = com.app.zhiYong.advertisementTests;
				PRODUCT_NAME = "$(TARGET_NAME)";
				TEST_HOST = "$(BUILT_PRODUCTS_DIR)/advertisement.app/advertisement";
			};
			name = Debug;
		};
		212BCF091E821CF1000E6F65 /* Release */ = {
			isa = XCBuildConfiguration;
			buildSettings = {
				BUNDLE_LOADER = "$(TEST_HOST)";
				DEVELOPMENT_TEAM = G45H8BH4LH;
				INFOPLIST_FILE = advertisementTests/Info.plist;
				LD_RUNPATH_SEARCH_PATHS = "$(inherited) @executable_path/Frameworks @loader_path/Frameworks";
				PRODUCT_BUNDLE_IDENTIFIER = com.app.zhiYong.advertisementTests;
				PRODUCT_NAME = "$(TARGET_NAME)";
				TEST_HOST = "$(BUILT_PRODUCTS_DIR)/advertisement.app/advertisement";
			};
			name = Release;
		};
		212BCF0B1E821CF1000E6F65 /* Debug */ = {
			isa = XCBuildConfiguration;
			buildSettings = {
				DEVELOPMENT_TEAM = G45H8BH4LH;
				INFOPLIST_FILE = advertisementUITests/Info.plist;
				LD_RUNPATH_SEARCH_PATHS = "$(inherited) @executable_path/Frameworks @loader_path/Frameworks";
				PRODUCT_BUNDLE_IDENTIFIER = com.app.zhiYong.advertisementUITests;
				PRODUCT_NAME = "$(TARGET_NAME)";
				TEST_TARGET_NAME = advertisement;
			};
			name = Debug;
		};
		212BCF0C1E821CF1000E6F65 /* Release */ = {
			isa = XCBuildConfiguration;
			buildSettings = {
				DEVELOPMENT_TEAM = G45H8BH4LH;
				INFOPLIST_FILE = advertisementUITests/Info.plist;
				LD_RUNPATH_SEARCH_PATHS = "$(inherited) @executable_path/Frameworks @loader_path/Frameworks";
				PRODUCT_BUNDLE_IDENTIFIER = com.app.zhiYong.advertisementUITests;
				PRODUCT_NAME = "$(TARGET_NAME)";
				TEST_TARGET_NAME = advertisement;
			};
			name = Release;
		};
/* End XCBuildConfiguration section */

/* Begin XCConfigurationList section */
		212BCED21E821CF1000E6F65 /* Build configuration list for PBXProject "advertisement" */ = {
			isa = XCConfigurationList;
			buildConfigurations = (
				212BCF021E821CF1000E6F65 /* Debug */,
				212BCF031E821CF1000E6F65 /* Release */,
			);
			defaultConfigurationIsVisible = 0;
			defaultConfigurationName = Release;
		};
		212BCF041E821CF1000E6F65 /* Build configuration list for PBXNativeTarget "advertisement" */ = {
			isa = XCConfigurationList;
			buildConfigurations = (
				212BCF051E821CF1000E6F65 /* Debug */,
				212BCF061E821CF1000E6F65 /* Release */,
			);
			defaultConfigurationIsVisible = 0;
			defaultConfigurationName = Release;
		};
		212BCF071E821CF1000E6F65 /* Build configuration list for PBXNativeTarget "advertisementTests" */ = {
			isa = XCConfigurationList;
			buildConfigurations = (
				212BCF081E821CF1000E6F65 /* Debug */,
				212BCF091E821CF1000E6F65 /* Release */,
			);
			defaultConfigurationIsVisible = 0;
			defaultConfigurationName = Release;
		};
		212BCF0A1E821CF1000E6F65 /* Build configuration list for PBXNativeTarget "advertisementUITests" */ = {
			isa = XCConfigurationList;
			buildConfigurations = (
				212BCF0B1E821CF1000E6F65 /* Debug */,
				212BCF0C1E821CF1000E6F65 /* Release */,
			);
			defaultConfigurationIsVisible = 0;
			defaultConfigurationName = Release;
		};
/* End XCConfigurationList section */
	};
	rootObject = 212BCECF1E821CF1000E6F65 /* Project object */;
}
